
Microsoft Visual Studio Solution File, Format Version 12.00
# Visual Studio Version 17
VisualStudioVersion = 17.8.34322.80
MinimumVisualStudioVersion = 10.0.40219.1
Project("{FAE04EC0-301F-11D3-BF4B-00C04F79EFBC}") = "WebAppTest", "WebAppTest.csproj", "{D6939695-0E68-41D0-8313-3002A1027975}"
EndProject
Global
	GlobalSection(SolutionConfigurationPlatforms) = preSolution
		Debug|Any CPU = Debug|Any CPU
		Release|Any CPU = Release|Any CPU
	EndGlobalSection
	GlobalSection(ProjectConfigurationPlatforms) = postSolution
		{D6939695-0E68-41D0-8313-3002A1027975}.Debug|Any CPU.ActiveCfg = Debug|Any CPU
		{D6939695-0E68-41D0-8313-3002A1027975}.Debug|Any CPU.Build.0 = Debug|Any CPU
		{D6939695-0E68-41D0-8313-3002A1027975}.Release|Any CPU.ActiveCfg = Release|Any CPU
		{D6939695-0E68-41D0-8313-3002A1027975}.Release|Any CPU.Build.0 = Release|Any CPU
	EndGlobalSection
	GlobalSection(SolutionProperties) = preSolution
		HideSolutionNode = FALSE
	EndGlobalSection
	GlobalSection(ExtensibilityGlobals) = postSolution
		SolutionGuid = {CF42A9F4-B0F0-41D3-B3B7-078B2F55C266}
	EndGlobalSection
EndGlobal
